
Microsoft Visual Studio Solution File, Format Version 12.00
# Visual Studio Version 16
VisualStudioVersion = 16.0.31624.102
MinimumVisualStudioVersion = 10.0.40219.1
Project("{FAE04EC0-301F-11D3-BF4B-00C04F79EFBC}") = "DuLichV2", "DuLichV2.csproj", "{EFACB932-0272-4C9B-99B0-266FFAC86D64}"
EndProject
Global
	GlobalSection(SolutionConfigurationPlatforms) = preSolution
		Debug|Any CPU = Debug|Any CPU
		Release|Any CPU = Release|Any CPU
	EndGlobalSection
	GlobalSection(ProjectConfigurationPlatforms) = postSolution
		{EFACB932-0272-4C9B-99B0-266FFAC86D64}.Debug|Any CPU.ActiveCfg = Debug|Any CPU
		{EFACB932-0272-4C9B-99B0-266FFAC86D64}.Debug|Any CPU.Build.0 = Debug|Any CPU
		{EFACB932-0272-4C9B-99B0-266FFAC86D64}.Release|Any CPU.ActiveCfg = Release|Any CPU
		{EFACB932-0272-4C9B-99B0-266FFAC86D64}.Release|Any CPU.Build.0 = Release|Any CPU
	EndGlobalSection
	GlobalSection(SolutionProperties) = preSolution
		HideSolutionNode = FALSE
	EndGlobalSection
	GlobalSection(ExtensibilityGlobals) = postSolution
		SolutionGuid = {2F160141-56BE-4F74-950C-982918DBE127}
	EndGlobalSection
EndGlobal
